
Microsoft Visual Studio Solution File, Format Version 12.00
# Visual Studio Version 16
VisualStudioVersion = 16.0.29613.14
MinimumVisualStudioVersion = 10.0.40219.1
Project("{FAE04EC0-301F-11D3-BF4B-00C04F79EFBC}") = "LoadBins", "LoadBins.csproj", "{418FA65E-3CAF-40D6-953C-8C0AC39D2B87}"
EndProject
Global
	GlobalSection(SolutionConfigurationPlatforms) = preSolution
		Debug|Any CPU = Debug|Any CPU
		Release|Any CPU = Release|Any CPU
	EndGlobalSection
	GlobalSection(ProjectConfigurationPlatforms) = postSolution
		{418FA65E-3CAF-40D6-953C-8C0AC39D2B87}.Debug|Any CPU.ActiveCfg = Debug|Any CPU
		{418FA65E-3CAF-40D6-953C-8C0AC39D2B87}.Debug|Any CPU.Build.0 = Debug|Any CPU
		{418FA65E-3CAF-40D6-953C-8C0AC39D2B87}.Release|Any CPU.ActiveCfg = Release|Any CPU
		{418FA65E-3CAF-40D6-953C-8C0AC39D2B87}.Release|Any CPU.Build.0 = Release|Any CPU
	EndGlobalSection
	GlobalSection(SolutionProperties) = preSolution
		HideSolutionNode = FALSE
	EndGlobalSection
	GlobalSection(ExtensibilityGlobals) = postSolution
		SolutionGuid = {CB2B33B8-6E45-4E2D-9CC2-550637399E3E}
	EndGlobalSection
EndGlobal
